
Microsoft Visual Studio Solution File, Format Version 12.00
# Visual Studio Version 16
VisualStudioVersion = 16.0.31005.135
MinimumVisualStudioVersion = 10.0.40219.1
Project("{FAE04EC0-301F-11D3-BF4B-00C04F79EFBC}") = "RepositoryPattern", "RepositoryPattern\RepositoryPattern.csproj", "{06941D71-0E08-4C1D-9059-D96CD6AAB5E1}"
EndProject
Global
	GlobalSection(SolutionConfigurationPlatforms) = preSolution
		Debug|Any CPU = Debug|Any CPU
		Release|Any CPU = Release|Any CPU
	EndGlobalSection
	GlobalSection(ProjectConfigurationPlatforms) = postSolution
		{06941D71-0E08-4C1D-9059-D96CD6AAB5E1}.Debug|Any CPU.ActiveCfg = Debug|Any CPU
		{06941D71-0E08-4C1D-9059-D96CD6AAB5E1}.Debug|Any CPU.Build.0 = Debug|Any CPU
		{06941D71-0E08-4C1D-9059-D96CD6AAB5E1}.Release|Any CPU.ActiveCfg = Release|Any CPU
		{06941D71-0E08-4C1D-9059-D96CD6AAB5E1}.Release|Any CPU.Build.0 = Release|Any CPU
	EndGlobalSection
	GlobalSection(SolutionProperties) = preSolution
		HideSolutionNode = FALSE
	EndGlobalSection
	GlobalSection(ExtensibilityGlobals) = postSolution
		SolutionGuid = {8E214FB7-14D8-4F15-8BCC-03537E398183}
	EndGlobalSection
EndGlobal
